
Microsoft Visual Studio Solution File, Format Version 12.00
# Visual Studio Version 17
VisualStudioVersion = 17.12.35707.178 d17.12
MinimumVisualStudioVersion = 10.0.40219.1
Project("{FAE04EC0-301F-11D3-BF4B-00C04F79EFBC}") = "OnlineCourseSystem", "OnlineCourseSystem\OnlineCourseSystem.csproj", "{B26B1F83-752E-4D87-B54D-B7714848691B}"
EndProject
Project("{FAE04EC0-301F-11D3-BF4B-00C04F79EFBC}") = "OnlineCourseSystem.Core", "OnlineCourseSystem.Core\OnlineCourseSystem.Core.csproj", "{66BB07FF-472B-43B7-A488-4F188460D6A6}"
EndProject
Project("{FAE04EC0-301F-11D3-BF4B-00C04F79EFBC}") = "OnlineCourseSystem.Infrastructure", "OnlineCourseSystem.Infrastructure\OnlineCourseSystem.Infrastructure.csproj", "{9B27EFEE-6D6B-4692-89C2-9CD1069A6E74}"
EndProject
Project("{FAE04EC0-301F-11D3-BF4B-00C04F79EFBC}") = "OnlineCourseSystem.UnitTests", "OnlineCourseSystem.UnitTests\OnlineCourseSystem.UnitTests.csproj", "{17BF8EBB-3A82-4F3E-9EB2-3426FDA9D9F6}"
EndProject
Global
	GlobalSection(SolutionConfigurationPlatforms) = preSolution
		Debug|Any CPU = Debug|Any CPU
		Release|Any CPU = Release|Any CPU
	EndGlobalSection
	GlobalSection(ProjectConfigurationPlatforms) = postSolution
		{B26B1F83-752E-4D87-B54D-B7714848691B}.Debug|Any CPU.ActiveCfg = Debug|Any CPU
		{B26B1F83-752E-4D87-B54D-B7714848691B}.Debug|Any CPU.Build.0 = Debug|Any CPU
		{B26B1F83-752E-4D87-B54D-B7714848691B}.Release|Any CPU.ActiveCfg = Release|Any CPU
		{B26B1F83-752E-4D87-B54D-B7714848691B}.Release|Any CPU.Build.0 = Release|Any CPU
		{66BB07FF-472B-43B7-A488-4F188460D6A6}.Debug|Any CPU.ActiveCfg = Debug|Any CPU
		{66BB07FF-472B-43B7-A488-4F188460D6A6}.Debug|Any CPU.Build.0 = Debug|Any CPU
		{66BB07FF-472B-43B7-A488-4F188460D6A6}.Release|Any CPU.ActiveCfg = Release|Any CPU
		{66BB07FF-472B-43B7-A488-4F188460D6A6}.Release|Any CPU.Build.0 = Release|Any CPU
		{9B27EFEE-6D6B-4692-89C2-9CD1069A6E74}.Debug|Any CPU.ActiveCfg = Debug|Any CPU
		{9B27EFEE-6D6B-4692-89C2-9CD1069A6E74}.Debug|Any CPU.Build.0 = Debug|Any CPU
		{9B27EFEE-6D6B-4692-89C2-9CD1069A6E74}.Release|Any CPU.ActiveCfg = Release|Any CPU
		{9B27EFEE-6D6B-4692-89C2-9CD1069A6E74}.Release|Any CPU.Build.0 = Release|Any CPU
		{17BF8EBB-3A82-4F3E-9EB2-3426FDA9D9F6}.Debug|Any CPU.ActiveCfg = Debug|Any CPU
		{17BF8EBB-3A82-4F3E-9EB2-3426FDA9D9F6}.Debug|Any CPU.Build.0 = Debug|Any CPU
		{17BF8EBB-3A82-4F3E-9EB2-3426FDA9D9F6}.Release|Any CPU.ActiveCfg = Release|Any CPU
		{17BF8EBB-3A82-4F3E-9EB2-3426FDA9D9F6}.Release|Any CPU.Build.0 = Release|Any CPU
	EndGlobalSection
	GlobalSection(SolutionProperties) = preSolution
		HideSolutionNode = FALSE
	EndGlobalSection
EndGlobal
